
Microsoft Visual Studio Solution File, Format Version 12.00
# Visual Studio Version 17
VisualStudioVersion = 17.0.31903.59
MinimumVisualStudioVersion = 10.0.40219.1
Project("{9A19103F-16F7-4668-BE54-9A1E7A4F7556}") = "dotnet-outdated-nukeeper", "dotnet-outdated-nukeeper\dotnet-outdated-nukeeper.csproj", "{001A8387-EE08-43C8-B697-5C94491C8BE2}"
EndProject
Project("{9A19103F-16F7-4668-BE54-9A1E7A4F7556}") = "dotnet-outdated-nukeeper-github", "dotnet-outdated-nukeeper-github\dotnet-outdated-nukeeper-github.csproj", "{AF525F29-AF13-4EC5-8B9C-23EFBD2F45EF}"
EndProject
Project("{FAE04EC0-301F-11D3-BF4B-00C04F79EFBC}") = "Shared", "Shared\Shared.csproj", "{E7A7906E-04D9-4A3A-AA3D-ECC8FEC54B90}"
EndProject
Project("{FAE04EC0-301F-11D3-BF4B-00C04F79EFBC}") = "dotnet-outdated-nukeeper-bitbucket", "dotnet-outdated-nukeeper-bitbucket\dotnet-outdated-nukeeper-bitbucket.csproj", "{BDDC7E65-2F3A-4DE1-A381-015DB63EF78B}"
EndProject
Global
	GlobalSection(SolutionConfigurationPlatforms) = preSolution
		Debug|Any CPU = Debug|Any CPU
		Release|Any CPU = Release|Any CPU
	EndGlobalSection
	GlobalSection(ProjectConfigurationPlatforms) = postSolution
		{001A8387-EE08-43C8-B697-5C94491C8BE2}.Debug|Any CPU.ActiveCfg = Debug|Any CPU
		{001A8387-EE08-43C8-B697-5C94491C8BE2}.Debug|Any CPU.Build.0 = Debug|Any CPU
		{001A8387-EE08-43C8-B697-5C94491C8BE2}.Release|Any CPU.ActiveCfg = Release|Any CPU
		{001A8387-EE08-43C8-B697-5C94491C8BE2}.Release|Any CPU.Build.0 = Release|Any CPU
		{AF525F29-AF13-4EC5-8B9C-23EFBD2F45EF}.Debug|Any CPU.ActiveCfg = Debug|Any CPU
		{AF525F29-AF13-4EC5-8B9C-23EFBD2F45EF}.Debug|Any CPU.Build.0 = Debug|Any CPU
		{AF525F29-AF13-4EC5-8B9C-23EFBD2F45EF}.Release|Any CPU.ActiveCfg = Release|Any CPU
		{AF525F29-AF13-4EC5-8B9C-23EFBD2F45EF}.Release|Any CPU.Build.0 = Release|Any CPU
		{E7A7906E-04D9-4A3A-AA3D-ECC8FEC54B90}.Debug|Any CPU.ActiveCfg = Debug|Any CPU
		{E7A7906E-04D9-4A3A-AA3D-ECC8FEC54B90}.Debug|Any CPU.Build.0 = Debug|Any CPU
		{E7A7906E-04D9-4A3A-AA3D-ECC8FEC54B90}.Release|Any CPU.ActiveCfg = Release|Any CPU
		{E7A7906E-04D9-4A3A-AA3D-ECC8FEC54B90}.Release|Any CPU.Build.0 = Release|Any CPU
		{BDDC7E65-2F3A-4DE1-A381-015DB63EF78B}.Debug|Any CPU.ActiveCfg = Debug|Any CPU
		{BDDC7E65-2F3A-4DE1-A381-015DB63EF78B}.Debug|Any CPU.Build.0 = Debug|Any CPU
		{BDDC7E65-2F3A-4DE1-A381-015DB63EF78B}.Release|Any CPU.ActiveCfg = Release|Any CPU
		{BDDC7E65-2F3A-4DE1-A381-015DB63EF78B}.Release|Any CPU.Build.0 = Release|Any CPU
	EndGlobalSection
	GlobalSection(SolutionProperties) = preSolution
		HideSolutionNode = FALSE
	EndGlobalSection
	GlobalSection(ExtensibilityGlobals) = postSolution
		SolutionGuid = {FA73EB92-DA65-4108-9D4A-FB432809E6A7}
	EndGlobalSection
EndGlobal
